
Microsoft Visual Studio Solution File, Format Version 12.00
Project("{FAE04EC0-301F-11D3-BF4B-00C04F79EFBC}") = "SimpleWebServer", "SimpleWebServer\SimpleWebServer.csproj", "{2060999F-9578-4163-A8B9-9AEA0476BD5A}"
EndProject
Global
	GlobalSection(SolutionConfigurationPlatforms) = preSolution
		Debug|Any CPU = Debug|Any CPU
		Release|Any CPU = Release|Any CPU
	EndGlobalSection
	GlobalSection(ProjectConfigurationPlatforms) = postSolution
		{2060999F-9578-4163-A8B9-9AEA0476BD5A}.Debug|Any CPU.ActiveCfg = Debug|Any CPU
		{2060999F-9578-4163-A8B9-9AEA0476BD5A}.Debug|Any CPU.Build.0 = Debug|Any CPU
		{2060999F-9578-4163-A8B9-9AEA0476BD5A}.Release|Any CPU.ActiveCfg = Release|Any CPU
		{2060999F-9578-4163-A8B9-9AEA0476BD5A}.Release|Any CPU.Build.0 = Release|Any CPU
	EndGlobalSection
EndGlobal
